{
  "requires": true,
  "lockfileVersion": 1,
  "dependencies": {
    "nipplejs": {
      "version": "0.8.5",
      "resolved": "https://registry.npmjs.org/nipplejs/-/nipplejs-0.8.5.tgz",
      "integrity": "sha512-2G7warzUh4jIdmzSIDRCeXJUl/QrZyJ0QwFgI0V1lM34HLNsIqEX6uY0NY4V3wBDHNsub3me1cbFb/FJpWE/5g=="
    }
  }
}
